// !$*UTF8*$!
{
	archiveVersion = 1;
	classes = {
	};
	objectVersion = 56;
	objects = {

/* Begin PBXBuildFile section */
		1489725D2BF5660600C3BCC3 /* Eureka1App.swift in Sources */ = {isa = PBXBuildFile; fileRef = 1489725C2BF5660600C3BCC3 /* Eureka1App.swift */; };
		1489725F2BF5660600C3BCC3 /* ContentView.swift in Sources */ = {isa = PBXBuildFile; fileRef = 1489725E2BF5660600C3BCC3 /* ContentView.swift */; };
		148972612BF5660800C3BCC3 /* Assets.xcassets in Resources */ = {isa = PBXBuildFile; fileRef = 148972602BF5660800C3BCC3 /* Assets.xcassets */; };
		148972642BF5660800C3BCC3 /* Preview Assets.xcassets in Resources */ = {isa = PBXBuildFile; fileRef = 148972632BF5660800C3BCC3 /* Preview Assets.xcassets */; };
		1489726C2BF5670B00C3BCC3 /* FirebaseFirestore in Frameworks */ = {isa = PBXBuildFile; productRef = 1489726B2BF5670B00C3BCC3 /* FirebaseFirestore */; };
		1489726E2BF5671500C3BCC3 /* GoogleService-Info.plist in Resources */ = {isa = PBXBuildFile; fileRef = 1489726D2BF5671500C3BCC3 /* GoogleService-Info.plist */; };
		148972702BF5673F00C3BCC3 /* HomePage.swift in Sources */ = {isa = PBXBuildFile; fileRef = 1489726F2BF5673F00C3BCC3 /* HomePage.swift */; };
		148972722BF5675A00C3BCC3 /* Sheets.swift in Sources */ = {isa = PBXBuildFile; fileRef = 148972712BF5675A00C3BCC3 /* Sheets.swift */; };
		148972742BF5677200C3BCC3 /* Trials.swift in Sources */ = {isa = PBXBuildFile; fileRef = 148972732BF5677200C3BCC3 /* Trials.swift */; };
		148972762BF5678500C3BCC3 /* Sessions.swift in Sources */ = {isa = PBXBuildFile; fileRef = 148972752BF5678500C3BCC3 /* Sessions.swift */; };
		148972782BF5679D00C3BCC3 /* Adding.swift in Sources */ = {isa = PBXBuildFile; fileRef = 148972772BF5679D00C3BCC3 /* Adding.swift */; };
		1489727A2BF567B700C3BCC3 /* StartSession.swift in Sources */ = {isa = PBXBuildFile; fileRef = 148972792BF567B700C3BCC3 /* StartSession.swift */; };
		1489727C2BF567D900C3BCC3 /* SummaryListView.swift in Sources */ = {isa = PBXBuildFile; fileRef = 1489727B2BF567D900C3BCC3 /* SummaryListView.swift */; };
		1489727E2BF5680100C3BCC3 /* DataItem.swift in Sources */ = {isa = PBXBuildFile; fileRef = 1489727D2BF5680100C3BCC3 /* DataItem.swift */; };
		148972802BF5682700C3BCC3 /* DataManager.swift in Sources */ = {isa = PBXBuildFile; fileRef = 1489727F2BF5682700C3BCC3 /* DataManager.swift */; };
		1EFF23ED2BF815A4002BFD45 /* Lottie in Frameworks */ = {isa = PBXBuildFile; productRef = 1EFF23EC2BF815A4002BFD45 /* Lottie */; };
		1EFF23EF2BF816B0002BFD45 /* Animation5.json in Resources */ = {isa = PBXBuildFile; fileRef = 1EFF23EE2BF816B0002BFD45 /* Animation5.json */; };
		1EFF23F12BF816EC002BFD45 /* Animation10.json in Resources */ = {isa = PBXBuildFile; fileRef = 1EFF23F02BF816EB002BFD45 /* Animation10.json */; };
		1EFF23F32BF81711002BFD45 /* Animation2.json in Resources */ = {isa = PBXBuildFile; fileRef = 1EFF23F22BF81711002BFD45 /* Animation2.json */; };
		1EFF23F52BF81732002BFD45 /* Animation6.json in Resources */ = {isa = PBXBuildFile; fileRef = 1EFF23F42BF81732002BFD45 /* Animation6.json */; };
		1EFF23F72BF8175A002BFD45 /* Animation11.json in Resources */ = {isa = PBXBuildFile; fileRef = 1EFF23F62BF8175A002BFD45 /* Animation11.json */; };
		1EFF23F92BF81789002BFD45 /* Animation13.json in Resources */ = {isa = PBXBuildFile; fileRef = 1EFF23F82BF81789002BFD45 /* Animation13.json */; };
		1EFF23FB2BF817D1002BFD45 /* Animation15.json in Resources */ = {isa = PBXBuildFile; fileRef = 1EFF23FA2BF817D0002BFD45 /* Animation15.json */; };
		1EFF23FD2BF819ED002BFD45 /* OnBording.swift in Sources */ = {isa = PBXBuildFile; fileRef = 1EFF23FC2BF819ED002BFD45 /* OnBording.swift */; };
		1EFF23FF2BF81A1D002BFD45 /* AnimationOnbording.json in Resources */ = {isa = PBXBuildFile; fileRef = 1EFF23FE2BF81A1D002BFD45 /* AnimationOnbording.json */; };
		1EFF24012BF821DD002BFD45 /* SplashScreen.swift in Sources */ = {isa = PBXBuildFile; fileRef = 1EFF24002BF821DD002BFD45 /* SplashScreen.swift */; };
/* End PBXBuildFile section */

/* Begin PBXFileReference section */
		148972592BF5660600C3BCC3 /* Eureka1.app */ = {isa = PBXFileReference; explicitFileType = wrapper.application; includeInIndex = 0; path = Eureka1.app; sourceTree = BUILT_PRODUCTS_DIR; };
		1489725C2BF5660600C3BCC3 /* Eureka1App.swift */ = {isa = PBXFileReference; lastKnownFileType = sourcecode.swift; path = Eureka1App.swift; sourceTree = "<group>"; };
		1489725E2BF5660600C3BCC3 /* ContentView.swift */ = {isa = PBXFileReference; lastKnownFileType = sourcecode.swift; path = ContentView.swift; sourceTree = "<group>"; };
		148972602BF5660800C3BCC3 /* Assets.xcassets */ = {isa = PBXFileReference; lastKnownFileType = folder.assetcatalog; path = Assets.xcassets; sourceTree = "<group>"; };
		148972632BF5660800C3BCC3 /* Preview Assets.xcassets */ = {isa = PBXFileReference; lastKnownFileType = folder.assetcatalog; path = "Preview Assets.xcassets"; sourceTree = "<group>"; };
		1489726D2BF5671500C3BCC3 /* GoogleService-Info.plist */ = {isa = PBXFileReference; fileEncoding = 4; lastKnownFileType = text.plist.xml; path = "GoogleService-Info.plist"; sourceTree = "<group>"; };
		1489726F2BF5673F00C3BCC3 /* HomePage.swift */ = {isa = PBXFileReference; lastKnownFileType = sourcecode.swift; path = HomePage.swift; sourceTree = "<group>"; };
		148972712BF5675A00C3BCC3 /* Sheets.swift */ = {isa = PBXFileReference; lastKnownFileType = sourcecode.swift; path = Sheets.swift; sourceTree = "<group>"; };
		148972732BF5677200C3BCC3 /* Trials.swift */ = {isa = PBXFileReference; lastKnownFileType = sourcecode.swift; path = Trials.swift; sourceTree = "<group>"; };
		148972752BF5678500C3BCC3 /* Sessions.swift */ = {isa = PBXFileReference; lastKnownFileType = sourcecode.swift; path = Sessions.swift; sourceTree = "<group>"; };
		148972772BF5679D00C3BCC3 /* Adding.swift */ = {isa = PBXFileReference; lastKnownFileType = sourcecode.swift; path = Adding.swift; sourceTree = "<group>"; };
		148972792BF567B700C3BCC3 /* StartSession.swift */ = {isa = PBXFileReference; lastKnownFileType = sourcecode.swift; path = StartSession.swift; sourceTree = "<group>"; };
		1489727B2BF567D900C3BCC3 /* SummaryListView.swift */ = {isa = PBXFileReference; lastKnownFileType = sourcecode.swift; path = SummaryListView.swift; sourceTree = "<group>"; };
		1489727D2BF5680100C3BCC3 /* DataItem.swift */ = {isa = PBXFileReference; lastKnownFileType = sourcecode.swift; path = DataItem.swift; sourceTree = "<group>"; };
		1489727F2BF5682700C3BCC3 /* DataManager.swift */ = {isa = PBXFileReference; lastKnownFileType = sourcecode.swift; path = DataManager.swift; sourceTree = "<group>"; };
		1EFF23EE2BF816B0002BFD45 /* Animation5.json */ = {isa = PBXFileReference; fileEncoding = 4; lastKnownFileType = text.json; path = Animation5.json; sourceTree = "<group>"; };
		1EFF23F02BF816EB002BFD45 /* Animation10.json */ = {isa = PBXFileReference; fileEncoding = 4; lastKnownFileType = text.json; path = Animation10.json; sourceTree = "<group>"; };
		1EFF23F22BF81711002BFD45 /* Animation2.json */ = {isa = PBXFileReference; fileEncoding = 4; lastKnownFileType = text.json; path = Animation2.json; sourceTree = "<group>"; };
		1EFF23F42BF81732002BFD45 /* Animation6.json */ = {isa = PBXFileReference; fileEncoding = 4; lastKnownFileType = text.json; path = Animation6.json; sourceTree = "<group>"; };
		1EFF23F62BF8175A002BFD45 /* Animation11.json */ = {isa = PBXFileReference; fileEncoding = 4; lastKnownFileType = text.json; path = Animation11.json; sourceTree = "<group>"; };
		1EFF23F82BF81789002BFD45 /* Animation13.json */ = {isa = PBXFileReference; fileEncoding = 4; lastKnownFileType = text.json; path = Animation13.json; sourceTree = "<group>"; };
		1EFF23FA2BF817D0002BFD45 /* Animation15.json */ = {isa = PBXFileReference; fileEncoding = 4; lastKnownFileType = text.json; path = Animation15.json; sourceTree = "<group>"; };
		1EFF23FC2BF819ED002BFD45 /* OnBording.swift */ = {isa = PBXFileReference; lastKnownFileType = sourcecode.swift; path = OnBording.swift; sourceTree = "<group>"; };
		1EFF23FE2BF81A1D002BFD45 /* AnimationOnbording.json */ = {isa = PBXFileReference; fileEncoding = 4; lastKnownFileType = text.json; path = AnimationOnbording.json; sourceTree = "<group>"; };
		1EFF24002BF821DD002BFD45 /* SplashScreen.swift */ = {isa = PBXFileReference; lastKnownFileType = sourcecode.swift; path = SplashScreen.swift; sourceTree = "<group>"; };
/* End PBXFileReference section */

/* Begin PBXFrameworksBuildPhase section */
		148972562BF5660600C3BCC3 /* Frameworks */ = {
			isa = PBXFrameworksBuildPhase;
			buildActionMask = 2147483647;
			files = (
				1489726C2BF5670B00C3BCC3 /* FirebaseFirestore in Frameworks */,
				1EFF23ED2BF815A4002BFD45 /* Lottie in Frameworks */,
			);
			runOnlyForDeploymentPostprocessing = 0;
		};
/* End PBXFrameworksBuildPhase section */

/* Begin PBXGroup section */
		148972502BF5660600C3BCC3 = {
			isa = PBXGroup;
			children = (
				1489725B2BF5660600C3BCC3 /* Eureka1 */,
				1489725A2BF5660600C3BCC3 /* Products */,
			);
			sourceTree = "<group>";
		};
		1489725A2BF5660600C3BCC3 /* Products */ = {
			isa = PBXGroup;
			children = (
				148972592BF5660600C3BCC3 /* Eureka1.app */,
			);
			name = Products;
			sourceTree = "<group>";
		};
		1489725B2BF5660600C3BCC3 /* Eureka1 */ = {
			isa = PBXGroup;
			children = (
				1489725C2BF5660600C3BCC3 /* Eureka1App.swift */,
				1EFF24002BF821DD002BFD45 /* SplashScreen.swift */,
				1EFF23FC2BF819ED002BFD45 /* OnBording.swift */,
				148972732BF5677200C3BCC3 /* Trials.swift */,
				148972752BF5678500C3BCC3 /* Sessions.swift */,
				148972772BF5679D00C3BCC3 /* Adding.swift */,
				148972792BF567B700C3BCC3 /* StartSession.swift */,
				1489727F2BF5682700C3BCC3 /* DataManager.swift */,
				1489727D2BF5680100C3BCC3 /* DataItem.swift */,
				1489727B2BF567D900C3BCC3 /* SummaryListView.swift */,
				1489726F2BF5673F00C3BCC3 /* HomePage.swift */,
				148972712BF5675A00C3BCC3 /* Sheets.swift */,
				1489725E2BF5660600C3BCC3 /* ContentView.swift */,
				1489726D2BF5671500C3BCC3 /* GoogleService-Info.plist */,
				148972602BF5660800C3BCC3 /* Assets.xcassets */,
				1EFF23EE2BF816B0002BFD45 /* Animation5.json */,
				1EFF23F02BF816EB002BFD45 /* Animation10.json */,
				1EFF23F22BF81711002BFD45 /* Animation2.json */,
				1EFF23F42BF81732002BFD45 /* Animation6.json */,
				1EFF23F62BF8175A002BFD45 /* Animation11.json */,
				1EFF23F82BF81789002BFD45 /* Animation13.json */,
				1EFF23FA2BF817D0002BFD45 /* Animation15.json */,
				1EFF23FE2BF81A1D002BFD45 /* AnimationOnbording.json */,
				148972622BF5660800C3BCC3 /* Preview Content */,
			);
			path = Eureka1;
			sourceTree = "<group>";
		};
		148972622BF5660800C3BCC3 /* Preview Content */ = {
			isa = PBXGroup;
			children = (
				148972632BF5660800C3BCC3 /* Preview Assets.xcassets */,
			);
			path = "Preview Content";
			sourceTree = "<group>";
		};
/* End PBXGroup section */

/* Begin PBXNativeTarget section */
		148972582BF5660600C3BCC3 /* Eureka1 */ = {
			isa = PBXNativeTarget;
			buildConfigurationList = 148972672BF5660800C3BCC3 /* Build configuration list for PBXNativeTarget "Eureka1" */;
			buildPhases = (
				148972552BF5660600C3BCC3 /* Sources */,
				148972562BF5660600C3BCC3 /* Frameworks */,
				148972572BF5660600C3BCC3 /* Resources */,
			);
			buildRules = (
			);
			dependencies = (
			);
			name = Eureka1;
			packageProductDependencies = (
				1489726B2BF5670B00C3BCC3 /* FirebaseFirestore */,
				1EFF23EC2BF815A4002BFD45 /* Lottie */,
			);
			productName = Eureka1;
			productReference = 148972592BF5660600C3BCC3 /* Eureka1.app */;
			productType = "com.apple.product-type.application";
		};
/* End PBXNativeTarget section */

/* Begin PBXProject section */
		148972512BF5660600C3BCC3 /* Project object */ = {
			isa = PBXProject;
			attributes = {
				BuildIndependentTargetsInParallel = 1;
				LastSwiftUpdateCheck = 1540;
				LastUpgradeCheck = 1540;
				TargetAttributes = {
					148972582BF5660600C3BCC3 = {
						CreatedOnToolsVersion = 15.4;
					};
				};
			};
			buildConfigurationList = 148972542BF5660600C3BCC3 /* Build configuration list for PBXProject "Eureka1" */;
			compatibilityVersion = "Xcode 14.0";
			developmentRegion = en;
			hasScannedForEncodings = 0;
			knownRegions = (
				en,
				Base,
			);
			mainGroup = 148972502BF5660600C3BCC3;
			packageReferences = (
				1489726A2BF5670B00C3BCC3 /* XCRemoteSwiftPackageReference "firebase-ios-sdk" */,
				1EFF23EB2BF815A4002BFD45 /* XCRemoteSwiftPackageReference "lottie-ios" */,
			);
			productRefGroup = 1489725A2BF5660600C3BCC3 /* Products */;
			projectDirPath = "";
			projectRoot = "";
			targets = (
				148972582BF5660600C3BCC3 /* Eureka1 */,
			);
		};
/* End PBXProject section */

/* Begin PBXResourcesBuildPhase section */
		148972572BF5660600C3BCC3 /* Resources */ = {
			isa = PBXResourcesBuildPhase;
			buildActionMask = 2147483647;
			files = (
				1EFF23EF2BF816B0002BFD45 /* Animation5.json in Resources */,
				1EFF23F32BF81711002BFD45 /* Animation2.json in Resources */,
				1EFF23F72BF8175A002BFD45 /* Animation11.json in Resources */,
				148972642BF5660800C3BCC3 /* Preview Assets.xcassets in Resources */,
				1EFF23F52BF81732002BFD45 /* Animation6.json in Resources */,
				148972612BF5660800C3BCC3 /* Assets.xcassets in Resources */,
				1EFF23F12BF816EC002BFD45 /* Animation10.json in Resources */,
				1EFF23F92BF81789002BFD45 /* Animation13.json in Resources */,
				1EFF23FF2BF81A1D002BFD45 /* AnimationOnbording.json in Resources */,
				1EFF23FB2BF817D1002BFD45 /* Animation15.json in Resources */,
				1489726E2BF5671500C3BCC3 /* GoogleService-Info.plist in Resources */,
			);
			runOnlyForDeploymentPostprocessing = 0;
		};
/* End PBXResourcesBuildPhase section */

/* Begin PBXSourcesBuildPhase section */
		148972552BF5660600C3BCC3 /* Sources */ = {
			isa = PBXSourcesBuildPhase;
			buildActionMask = 2147483647;
			files = (
				1489727E2BF5680100C3BCC3 /* DataItem.swift in Sources */,
				148972782BF5679D00C3BCC3 /* Adding.swift in Sources */,
				1489725F2BF5660600C3BCC3 /* ContentView.swift in Sources */,
				148972702BF5673F00C3BCC3 /* HomePage.swift in Sources */,
				148972762BF5678500C3BCC3 /* Sessions.swift in Sources */,
				148972742BF5677200C3BCC3 /* Trials.swift in Sources */,
				1489725D2BF5660600C3BCC3 /* Eureka1App.swift in Sources */,
				1EFF24012BF821DD002BFD45 /* SplashScreen.swift in Sources */,
				148972722BF5675A00C3BCC3 /* Sheets.swift in Sources */,
				1EFF23FD2BF819ED002BFD45 /* OnBording.swift in Sources */,
				148972802BF5682700C3BCC3 /* DataManager.swift in Sources */,
				1489727A2BF567B700C3BCC3 /* StartSession.swift in Sources */,
				1489727C2BF567D900C3BCC3 /* SummaryListView.swift in Sources */,
			);
			runOnlyForDeploymentPostprocessing = 0;
		};
/* End PBXSourcesBuildPhase section */

/* Begin XCBuildConfiguration section */
		148972652BF5660800C3BCC3 /* Debug */ = {
			isa = XCBuildConfiguration;
			buildSettings = {
				ALWAYS_SEARCH_USER_PATHS = NO;
				ASSETCATALOG_COMPILER_GENERATE_SWIFT_ASSET_SYMBOL_EXTENSIONS = YES;
				CLANG_ANALYZER_NONNULL = YES;
				CLANG_ANALYZER_NUMBER_OBJECT_CONVERSION = YES_AGGRESSIVE;
				CLANG_CXX_LANGUAGE_STANDARD = "gnu++20";
				CLANG_ENABLE_MODULES = YES;
				CLANG_ENABLE_OBJC_ARC = YES;
				CLANG_ENABLE_OBJC_WEAK = YES;
				CLANG_WARN_BLOCK_CAPTURE_AUTORELEASING = YES;
				CLANG_WARN_BOOL_CONVERSION = YES;
				CLANG_WARN_COMMA = YES;
				CLANG_WARN_CONSTANT_CONVERSION = YES;
				CLANG_WARN_DEPRECATED_OBJC_IMPLEMENTATIONS = YES;
				CLANG_WARN_DIRECT_OBJC_ISA_USAGE = YES_ERROR;
				CLANG_WARN_DOCUMENTATION_COMMENTS = YES;
				CLANG_WARN_EMPTY_BODY = YES;
				CLANG_WARN_ENUM_CONVERSION = YES;
				CLANG_WARN_INFINITE_RECURSION = YES;
				CLANG_WARN_INT_CONVERSION = YES;
				CLANG_WARN_NON_LITERAL_NULL_CONVERSION = YES;
				CLANG_WARN_OBJC_IMPLICIT_RETAIN_SELF = YES;
				CLANG_WARN_OBJC_LITERAL_CONVERSION = YES;
				CLANG_WARN_OBJC_ROOT_CLASS = YES_ERROR;
				CLANG_WARN_QUOTED_INCLUDE_IN_FRAMEWORK_HEADER = YES;
				CLANG_WARN_RANGE_LOOP_ANALYSIS = YES;
				CLANG_WARN_STRICT_PROTOTYPES = YES;
				CLANG_WARN_SUSPICIOUS_MOVE = YES;
				CLANG_WARN_UNGUARDED_AVAILABILITY = YES_AGGRESSIVE;
				CLANG_WARN_UNREACHABLE_CODE = YES;
				CLANG_WARN__DUPLICATE_METHOD_MATCH = YES;
				COPY_PHASE_STRIP = NO;
				DEBUG_INFORMATION_FORMAT = dwarf;
				ENABLE_STRICT_OBJC_MSGSEND = YES;
				ENABLE_TESTABILITY = YES;
				ENABLE_USER_SCRIPT_SANDBOXING = YES;
				GCC_C_LANGUAGE_STANDARD = gnu17;
				GCC_DYNAMIC_NO_PIC = NO;
				GCC_NO_COMMON_BLOCKS = YES;
				GCC_OPTIMIZATION_LEVEL = 0;
				GCC_PREPROCESSOR_DEFINITIONS = (
					"DEBUG=1",
					"$(inherited)",
				);
				GCC_WARN_64_TO_32_BIT_CONVERSION = YES;
				GCC_WARN_ABOUT_RETURN_TYPE = YES_ERROR;
				GCC_WARN_UNDECLARED_SELECTOR = YES;
				GCC_WARN_UNINITIALIZED_AUTOS = YES_AGGRESSIVE;
				GCC_WARN_UNUSED_FUNCTION = YES;
				GCC_WARN_UNUSED_VARIABLE = YES;
				IPHONEOS_DEPLOYMENT_TARGET = 17.5;
				LOCALIZATION_PREFERS_STRING_CATALOGS = YES;
				MTL_ENABLE_DEBUG_INFO = INCLUDE_SOURCE;
				MTL_FAST_MATH = YES;
				ONLY_ACTIVE_ARCH = YES;
				SDKROOT = iphoneos;
				SWIFT_ACTIVE_COMPILATION_CONDITIONS = "DEBUG $(inherited)";
				SWIFT_OPTIMIZATION_LEVEL = "-Onone";
			};
			name = Debug;
		};
		148972662BF5660800C3BCC3 /* Release */ = {
			isa = XCBuildConfiguration;
			buildSettings = {
				ALWAYS_SEARCH_USER_PATHS = NO;
				ASSETCATALOG_COMPILER_GENERATE_SWIFT_ASSET_SYMBOL_EXTENSIONS = YES;
				CLANG_ANALYZER_NONNULL = YES;
				CLANG_ANALYZER_NUMBER_OBJECT_CONVERSION = YES_AGGRESSIVE;
				CLANG_CXX_LANGUAGE_STANDARD = "gnu++20";
				CLANG_ENABLE_MODULES = YES;
				CLANG_ENABLE_OBJC_ARC = YES;
				CLANG_ENABLE_OBJC_WEAK = YES;
				CLANG_WARN_BLOCK_CAPTURE_AUTORELEASING = YES;
				CLANG_WARN_BOOL_CONVERSION = YES;
				CLANG_WARN_COMMA = YES;
				CLANG_WARN_CONSTANT_CONVERSION = YES;
				CLANG_WARN_DEPRECATED_OBJC_IMPLEMENTATIONS = YES;
				CLANG_WARN_DIRECT_OBJC_ISA_USAGE = YES_ERROR;
				CLANG_WARN_DOCUMENTATION_COMMENTS = YES;
				CLANG_WARN_EMPTY_BODY = YES;
				CLANG_WARN_ENUM_CONVERSION = YES;
				CLANG_WARN_INFINITE_RECURSION = YES;
				CLANG_WARN_INT_CONVERSION = YES;
				CLANG_WARN_NON_LITERAL_NULL_CONVERSION = YES;
				CLANG_WARN_OBJC_IMPLICIT_RETAIN_SELF = YES;
				CLANG_WARN_OBJC_LITERAL_CONVERSION = YES;
				CLANG_WARN_OBJC_ROOT_CLASS = YES_ERROR;
				CLANG_WARN_QUOTED_INCLUDE_IN_FRAMEWORK_HEADER = YES;
				CLANG_WARN_RANGE_LOOP_ANALYSIS = YES;
				CLANG_WARN_STRICT_PROTOTYPES = YES;
				CLANG_WARN_SUSPICIOUS_MOVE = YES;
				CLANG_WARN_UNGUARDED_AVAILABILITY = YES_AGGRESSIVE;
				CLANG_WARN_UNREACHABLE_CODE = YES;
				CLANG_WARN__DUPLICATE_METHOD_MATCH = YES;
				COPY_PHASE_STRIP = NO;
				DEBUG_INFORMATION_FORMAT = "dwarf-with-dsym";
				ENABLE_NS_ASSERTIONS = NO;
				ENABLE_STRICT_OBJC_MSGSEND = YES;
				ENABLE_USER_SCRIPT_SANDBOXING = YES;
				GCC_C_LANGUAGE_STANDARD = gnu17;
				GCC_NO_COMMON_BLOCKS = YES;
				GCC_WARN_64_TO_32_BIT_CONVERSION = YES;
				GCC_WARN_ABOUT_RETURN_TYPE = YES_ERROR;
				GCC_WARN_UNDECLARED_SELECTOR = YES;
				GCC_WARN_UNINITIALIZED_AUTOS = YES_AGGRESSIVE;
				GCC_WARN_UNUSED_FUNCTION = YES;
				GCC_WARN_UNUSED_VARIABLE = YES;
				IPHONEOS_DEPLOYMENT_TARGET = 17.5;
				LOCALIZATION_PREFERS_STRING_CATALOGS = YES;
				MTL_ENABLE_DEBUG_INFO = NO;
				MTL_FAST_MATH = YES;
				SDKROOT = iphoneos;
				SWIFT_COMPILATION_MODE = wholemodule;
				VALIDATE_PRODUCT = YES;
			};
			name = Release;
		};
		148972682BF5660800C3BCC3 /* Debug */ = {
			isa = XCBuildConfiguration;
			buildSettings = {
				ASSETCATALOG_COMPILER_APPICON_NAME = AppIcon;
				ASSETCATALOG_COMPILER_GLOBAL_ACCENT_COLOR_NAME = AccentColor;
				CODE_SIGN_STYLE = Automatic;
				CURRENT_PROJECT_VERSION = 1;
				DEVELOPMENT_ASSET_PATHS = "\"Eureka1/Preview Content\"";
				DEVELOPMENT_TEAM = VS478362V7;
				ENABLE_PREVIEWS = YES;
				GENERATE_INFOPLIST_FILE = YES;
				INFOPLIST_KEY_UIApplicationSceneManifest_Generation = YES;
				INFOPLIST_KEY_UIApplicationSupportsIndirectInputEvents = YES;
				INFOPLIST_KEY_UILaunchScreen_Generation = YES;
				INFOPLIST_KEY_UISupportedInterfaceOrientations_iPad = "UIInterfaceOrientationPortrait UIInterfaceOrientationPortraitUpsideDown UIInterfaceOrientationLandscapeLeft UIInterfaceOrientationLandscapeRight";
				INFOPLIST_KEY_UISupportedInterfaceOrientations_iPhone = "UIInterfaceOrientationPortrait UIInterfaceOrientationLandscapeLeft UIInterfaceOrientationLandscapeRight";
				IPHONEOS_DEPLOYMENT_TARGET = 17.0;
				LD_RUNPATH_SEARCH_PATHS = (
					"$(inherited)",
					"@executable_path/Frameworks",
				);
				MARKETING_VERSION = 1.0;
				PRODUCT_BUNDLE_IDENTIFIER = FinalProject.Eureka1;
				PRODUCT_NAME = "$(TARGET_NAME)";
				SWIFT_EMIT_LOC_STRINGS = YES;
				SWIFT_VERSION = 5.0;
				TARGETED_DEVICE_FAMILY = "1,2";
			};
			name = Debug;
		};
		148972692BF5660800C3BCC3 /* Release */ = {
			isa = XCBuildConfiguration;
			buildSettings = {
				ASSETCATALOG_COMPILER_APPICON_NAME = AppIcon;
				ASSETCATALOG_COMPILER_GLOBAL_ACCENT_COLOR_NAME = AccentColor;
				CODE_SIGN_STYLE = Automatic;
				CURRENT_PROJECT_VERSION = 1;
				DEVELOPMENT_ASSET_PATHS = "\"Eureka1/Preview Content\"";
				DEVELOPMENT_TEAM = VS478362V7;
				ENABLE_PREVIEWS = YES;
				GENERATE_INFOPLIST_FILE = YES;
				INFOPLIST_KEY_UIApplicationSceneManifest_Generation = YES;
				INFOPLIST_KEY_UIApplicationSupportsIndirectInputEvents = YES;
				INFOPLIST_KEY_UILaunchScreen_Generation = YES;
				INFOPLIST_KEY_UISupportedInterfaceOrientations_iPad = "UIInterfaceOrientationPortrait UIInterfaceOrientationPortraitUpsideDown UIInterfaceOrientationLandscapeLeft UIInterfaceOrientationLandscapeRight";
				INFOPLIST_KEY_UISupportedInterfaceOrientations_iPhone = "UIInterfaceOrientationPortrait UIInterfaceOrientationLandscapeLeft UIInterfaceOrientationLandscapeRight";
				IPHONEOS_DEPLOYMENT_TARGET = 17.0;
				LD_RUNPATH_SEARCH_PATHS = (
					"$(inherited)",
					"@executable_path/Frameworks",
				);
				MARKETING_VERSION = 1.0;
				PRODUCT_BUNDLE_IDENTIFIER = FinalProject.Eureka1;
				PRODUCT_NAME = "$(TARGET_NAME)";
				SWIFT_EMIT_LOC_STRINGS = YES;
				SWIFT_VERSION = 5.0;
				TARGETED_DEVICE_FAMILY = "1,2";
			};
			name = Release;
		};
/* End XCBuildConfiguration section */

/* Begin XCConfigurationList section */
		148972542BF5660600C3BCC3 /* Build configuration list for PBXProject "Eureka1" */ = {
			isa = XCConfigurationList;
			buildConfigurations = (
				148972652BF5660800C3BCC3 /* Debug */,
				148972662BF5660800C3BCC3 /* Release */,
			);
			defaultConfigurationIsVisible = 0;
			defaultConfigurationName = Release;
		};
		148972672BF5660800C3BCC3 /* Build configuration list for PBXNativeTarget "Eureka1" */ = {
			isa = XCConfigurationList;
			buildConfigurations = (
				148972682BF5660800C3BCC3 /* Debug */,
				148972692BF5660800C3BCC3 /* Release */,
			);
			defaultConfigurationIsVisible = 0;
			defaultConfigurationName = Release;
		};
/* End XCConfigurationList section */

/* Begin XCRemoteSwiftPackageReference section */
		1489726A2BF5670B00C3BCC3 /* XCRemoteSwiftPackageReference "firebase-ios-sdk" */ = {
			isa = XCRemoteSwiftPackageReference;
			repositoryURL = "https://github.com/firebase/firebase-ios-sdk.git";
			requirement = {
				kind = upToNextMajorVersion;
				minimumVersion = 10.26.0;
			};
		};
		1EFF23EB2BF815A4002BFD45 /* XCRemoteSwiftPackageReference "lottie-ios" */ = {
			isa = XCRemoteSwiftPackageReference;
			repositoryURL = "https://github.com/airbnb/lottie-ios.git";
			requirement = {
				kind = upToNextMajorVersion;
				minimumVersion = 4.4.3;
			};
		};
/* End XCRemoteSwiftPackageReference section */

/* Begin XCSwiftPackageProductDependency section */
		1489726B2BF5670B00C3BCC3 /* FirebaseFirestore */ = {
			isa = XCSwiftPackageProductDependency;
			package = 1489726A2BF5670B00C3BCC3 /* XCRemoteSwiftPackageReference "firebase-ios-sdk" */;
			productName = FirebaseFirestore;
		};
		1EFF23EC2BF815A4002BFD45 /* Lottie */ = {
			isa = XCSwiftPackageProductDependency;
			package = 1EFF23EB2BF815A4002BFD45 /* XCRemoteSwiftPackageReference "lottie-ios" */;
			productName = Lottie;
		};
/* End XCSwiftPackageProductDependency section */
	};
	rootObject = 148972512BF5660600C3BCC3 /* Project object */;
}
